
Microsoft Visual Studio Solution File, Format Version 12.00
# Visual Studio 2015
Project("{FAE04EC0-301F-11D3-BF4B-00C04F79EFBC}") = "UARSim.CSharp.Plugins", "UARSim.CSharp.Plugins.csproj", "{62CB9EBE-A4EC-F92E-A8AC-7995FB56F000}"
EndProject
Project("{FAE04EC0-301F-11D3-BF4B-00C04F79EFBC}") = "UARSim.CSharp", "UARSim.CSharp.csproj", "{3DB469BF-B8BE-DB64-71FF-BDD73BACCDBA}"
EndProject
Project("{FAE04EC0-301F-11D3-BF4B-00C04F79EFBC}") = "UARSim.CSharp.Editor", "UARSim.CSharp.Editor.csproj", "{71DAAD00-0355-76A8-5106-5750C78FB1B6}"
EndProject
Global
	GlobalSection(SolutionConfigurationPlatforms) = preSolution
		Debug|Any CPU = Debug|Any CPU
		Release|Any CPU = Release|Any CPU
	EndGlobalSection
	GlobalSection(ProjectConfigurationPlatforms) = postSolution
		{62CB9EBE-A4EC-F92E-A8AC-7995FB56F000}.Debug|Any CPU.ActiveCfg = Debug|Any CPU
		{62CB9EBE-A4EC-F92E-A8AC-7995FB56F000}.Debug|Any CPU.Build.0 = Debug|Any CPU
		{62CB9EBE-A4EC-F92E-A8AC-7995FB56F000}.Release|Any CPU.ActiveCfg = Release|Any CPU
		{62CB9EBE-A4EC-F92E-A8AC-7995FB56F000}.Release|Any CPU.Build.0 = Release|Any CPU
		{3DB469BF-B8BE-DB64-71FF-BDD73BACCDBA}.Debug|Any CPU.ActiveCfg = Debug|Any CPU
		{3DB469BF-B8BE-DB64-71FF-BDD73BACCDBA}.Debug|Any CPU.Build.0 = Debug|Any CPU
		{3DB469BF-B8BE-DB64-71FF-BDD73BACCDBA}.Release|Any CPU.ActiveCfg = Release|Any CPU
		{3DB469BF-B8BE-DB64-71FF-BDD73BACCDBA}.Release|Any CPU.Build.0 = Release|Any CPU
		{71DAAD00-0355-76A8-5106-5750C78FB1B6}.Debug|Any CPU.ActiveCfg = Debug|Any CPU
		{71DAAD00-0355-76A8-5106-5750C78FB1B6}.Debug|Any CPU.Build.0 = Debug|Any CPU
		{71DAAD00-0355-76A8-5106-5750C78FB1B6}.Release|Any CPU.ActiveCfg = Release|Any CPU
		{71DAAD00-0355-76A8-5106-5750C78FB1B6}.Release|Any CPU.Build.0 = Release|Any CPU
	EndGlobalSection
	GlobalSection(SolutionProperties) = preSolution
		HideSolutionNode = FALSE
	EndGlobalSection
EndGlobal
